
Microsoft Visual Studio Solution File, Format Version 12.00
# Visual Studio Version 16
VisualStudioVersion = 16.0.30114.105
MinimumVisualStudioVersion = 10.0.40219.1
Project("{8BC9CEB8-8B4A-11D0-8D11-00A0C91BC942}") = "Chronos", "Chronos.vcxproj", "{D2AF5D36-663F-4A5C-8321-139E26104586}"
EndProject
Global
	GlobalSection(SolutionConfigurationPlatforms) = preSolution
		Debug|x64 = Debug|x64
		Debug|x86 = Debug|x86
		Release|x64 = Release|x64
		Release|x86 = Release|x86
	EndGlobalSection
	GlobalSection(ProjectConfigurationPlatforms) = postSolution
		{D2AF5D36-663F-4A5C-8321-139E26104586}.Debug|x64.ActiveCfg = Debug|x64
		{D2AF5D36-663F-4A5C-8321-139E26104586}.Debug|x64.Build.0 = Debug|x64
		{D2AF5D36-663F-4A5C-8321-139E26104586}.Debug|x86.ActiveCfg = Debug|Win32
		{D2AF5D36-663F-4A5C-8321-139E26104586}.Debug|x86.Build.0 = Debug|Win32
		{D2AF5D36-663F-4A5C-8321-139E26104586}.Release|x64.ActiveCfg = Release|x64
		{D2AF5D36-663F-4A5C-8321-139E26104586}.Release|x64.Build.0 = Release|x64
		{D2AF5D36-663F-4A5C-8321-139E26104586}.Release|x86.ActiveCfg = Release|Win32
		{D2AF5D36-663F-4A5C-8321-139E26104586}.Release|x86.Build.0 = Release|Win32
	EndGlobalSection
	GlobalSection(SolutionProperties) = preSolution
		HideSolutionNode = FALSE
	EndGlobalSection
	GlobalSection(ExtensibilityGlobals) = postSolution
		SolutionGuid = {890B09E6-D14A-463E-A5C3-6E1A0679D59B}
	EndGlobalSection
EndGlobal
